
Microsoft Visual Studio Solution File, Format Version 12.00
# Visual Studio 15
VisualStudioVersion = 15.0.27130.2010
MinimumVisualStudioVersion = 10.0.40219.1
Project("{FAE04EC0-301F-11D3-BF4B-00C04F79EFBC}") = "MovieApp", "MovieApp\MovieApp.csproj", "{27FEFED4-97AE-4568-A292-8A02556AB3E5}"
EndProject
Global
	GlobalSection(SolutionConfigurationPlatforms) = preSolution
		Debug|Any CPU = Debug|Any CPU
		Release|Any CPU = Release|Any CPU
	EndGlobalSection
	GlobalSection(ProjectConfigurationPlatforms) = postSolution
		{27FEFED4-97AE-4568-A292-8A02556AB3E5}.Debug|Any CPU.ActiveCfg = Debug|Any CPU
		{27FEFED4-97AE-4568-A292-8A02556AB3E5}.Debug|Any CPU.Build.0 = Debug|Any CPU
		{27FEFED4-97AE-4568-A292-8A02556AB3E5}.Release|Any CPU.ActiveCfg = Release|Any CPU
		{27FEFED4-97AE-4568-A292-8A02556AB3E5}.Release|Any CPU.Build.0 = Release|Any CPU
	EndGlobalSection
	GlobalSection(SolutionProperties) = preSolution
		HideSolutionNode = FALSE
	EndGlobalSection
	GlobalSection(ExtensibilityGlobals) = postSolution
		SolutionGuid = {D5343268-E1CA-45C0-9A8D-6B9ECE181963}
	EndGlobalSection
EndGlobal
